hash: 840f79de9ceb5333e49ea3f68a0f1b6cdd333b681f60ad95dfba86377642ba28
updated: 2017-06-29T17:36:23.355071551+03:00
imports:
- name: github.com/beevik/etree
  version: abae5fc32af8862e420d52e686a7e6ec14111685
- name: github.com/currantlabs/ble
  version: e7136650fe84d0fe2a2a19abc4e059e9f67bfca0
  subpackages:
  - darwin
- name: github.com/google/uuid
  version: 064e2069ce9c359c118179501254f67d7d37ba24
- name: github.com/howeyc/crc16
  version: 58da63c846043d0bea709c8d47039df06577d6d9
- name: github.com/mattn/go-colorable
  version: 941b50ebc6efddf4c41c8e4537a5f68a4e686b24
- name: github.com/mattn/go-isatty
  version: fc9e8d8ef48496124e79ae0df75490096eccf6fe
- name: github.com/mgutz/ansi
  version: 9520e82c474b0a04dd04f8a40959027271bab992
- name: github.com/mgutz/logxi
  version: aebf8a7d67ab4625e0fd4a665766fef9a709161b
  subpackages:
  - v1
- name: github.com/pkg/errors
  version: c605e284fe17294bda444b34710735b29d1a9d90
- name: github.com/raff/goble
  version: f6ecf99ef03749e4914b6f23547fbd7e4d363858
  subpackages:
  - xpc
- name: golang.org/x/net
  version: c81e7f25cb61200d8bf0ae971a0bac8cb638d5bc
  subpackages:
  - context
- name: golang.org/x/sys
  version: 90796e5a05ce440b41c768bd9af257005e470461
  subpackages:
  - unix
testImports: []
